<?xml version="1.0" encoding="utf-8"?>
<Project ToolsVersion="17.0" xmlns="http://schemas.microsoft.com/developer/msbuild/2003">
  <ItemGroup>
    <ClCompile Include="C:\Users\Gabriel\Documents\qt_lab\qdcm-master\tools\dcmview\dcmview_autogen\mocs_compilation_Debug.cpp">
      <Filter>Source Files</Filter>
    </ClCompile>
    <ClCompile Include="C:\Users\Gabriel\Documents\qt_lab\qdcm-master\tools\dcmview\src\DicomTreeModel.cpp">
      <Filter>Source Files</Filter>
    </ClCompile>
    <ClCompile Include="C:\Users\Gabriel\Documents\qt_lab\qdcm-master\tools\dcmview\src\DicomWindow.cpp">
      <Filter>Source Files</Filter>
    </ClCompile>
    <ClCompile Include="C:\Users\Gabriel\Documents\qt_lab\qdcm-master\tools\dcmview\src\MainWindow.cpp">
      <Filter>Source Files</Filter>
    </ClCompile>
    <ClCompile Include="C:\Users\Gabriel\Documents\qt_lab\qdcm-master\tools\dcmview\src\main.cpp">
      <Filter>Source Files</Filter>
    </ClCompile>
    <ClCompile Include="C:\Users\Gabriel\Documents\qt_lab\qdcm-master\tools\dcmview\qrc_dcmview.cpp">
      <Filter>Source Files</Filter>
    </ClCompile>
    <ClCompile Include="C:\Users\Gabriel\Documents\qt_lab\qdcm-master\tools\dcmview\dcmview_autogen\mocs_compilation_Release.cpp">
      <Filter>Source Files</Filter>
    </ClCompile>
    <ClCompile Include="C:\Users\Gabriel\Documents\qt_lab\qdcm-master\tools\dcmview\dcmview_autogen\mocs_compilation_MinSizeRel.cpp">
      <Filter>Source Files</Filter>
    </ClCompile>
    <ClCompile Include="C:\Users\Gabriel\Documents\qt_lab\qdcm-master\tools\dcmview\dcmview_autogen\mocs_compilation_RelWithDebInfo.cpp">
      <Filter>Source Files</Filter>
    </ClCompile>
  </ItemGroup>
  <ItemGroup>
    <ClInclude Include="C:\Users\Gabriel\Documents\qt_lab\qdcm-master\tools\dcmview\include\DicomTreeModel.h">
      <Filter>Header Files</Filter>
    </ClInclude>
    <ClInclude Include="C:\Users\Gabriel\Documents\qt_lab\qdcm-master\tools\dcmview\include\DicomWindow.h">
      <Filter>Header Files</Filter>
    </ClInclude>
    <ClInclude Include="C:\Users\Gabriel\Documents\qt_lab\qdcm-master\tools\dcmview\include\MainWindow.h">
      <Filter>Header Files</Filter>
    </ClInclude>
  </ItemGroup>
  <ItemGroup>
    <CustomBuild Include="C:\Users\Gabriel\Documents\qt_lab\qdcm-master\tools\dcmview\resources\dcmview.qrc" />
    <CustomBuild Include="C:\Users\Gabriel\Documents\qt_lab\qdcm-master\tools\dcmview\CMakeLists.txt" />
  </ItemGroup>
  <ItemGroup>
    <Filter Include="Header Files">
      <UniqueIdentifier>{6AC7F558-4A37-31AD-8C80-F01BFB8520D2}</UniqueIdentifier>
    </Filter>
    <Filter Include="Source Files">
      <UniqueIdentifier>{4C8F7DC3-AED0-3BB7-9B05-471C7A8EFF99}</UniqueIdentifier>
    </Filter>
  </ItemGroup>
</Project>
